
Microsoft Visual Studio Solution File, Format Version 12.00
# Visual Studio Version 17
VisualStudioVersion = 17.1.32210.238
MinimumVisualStudioVersion = 10.0.40219.1
Project("{FAE04EC0-301F-11D3-BF4B-00C04F79EFBC}") = "ShowBigProject", "ShowBigProject\ShowBigProject.csproj", "{BF93F981-8383-46B1-9702-4123C316C4B6}"
EndProject
Global
	GlobalSection(SolutionConfigurationPlatforms) = preSolution
		Debug|Any CPU = Debug|Any CPU
		Release|Any CPU = Release|Any CPU
	EndGlobalSection
	GlobalSection(ProjectConfigurationPlatforms) = postSolution
		{BF93F981-8383-46B1-9702-4123C316C4B6}.Debug|Any CPU.ActiveCfg = Debug|Any CPU
		{BF93F981-8383-46B1-9702-4123C316C4B6}.Debug|Any CPU.Build.0 = Debug|Any CPU
		{BF93F981-8383-46B1-9702-4123C316C4B6}.Release|Any CPU.ActiveCfg = Release|Any CPU
		{BF93F981-8383-46B1-9702-4123C316C4B6}.Release|Any CPU.Build.0 = Release|Any CPU
	EndGlobalSection
	GlobalSection(SolutionProperties) = preSolution
		HideSolutionNode = FALSE
	EndGlobalSection
	GlobalSection(ExtensibilityGlobals) = postSolution
		SolutionGuid = {23A63D69-EB47-42DE-A2E2-845878B6BCC7}
	EndGlobalSection
EndGlobal
